
Microsoft Visual Studio Solution File, Format Version 12.00
# Visual Studio Version 17
VisualStudioVersion = 17.9.34723.18
MinimumVisualStudioVersion = 10.0.40219.1
Project("{FAE04EC0-301F-11D3-BF4B-00C04F79EFBC}") = "RemoteDesktopServer", "RemoteDesktopServer\RemoteDesktopServer.csproj", "{CC1C90CA-4405-46C8-BD95-7452408E05B7}"
EndProject
Project("{FAE04EC0-301F-11D3-BF4B-00C04F79EFBC}") = "RemoteDesktopClient", "RemoteDesktopClient\RemoteDesktopClient.csproj", "{678A2AF3-9D8E-4992-A1B8-8D72E95217EE}"
EndProject
Global
	GlobalSection(SolutionConfigurationPlatforms) = preSolution
		Debug|Any CPU = Debug|Any CPU
		Release|Any CPU = Release|Any CPU
	EndGlobalSection
	GlobalSection(ProjectConfigurationPlatforms) = postSolution
		{CC1C90CA-4405-46C8-BD95-7452408E05B7}.Debug|Any CPU.ActiveCfg = Debug|Any CPU
		{CC1C90CA-4405-46C8-BD95-7452408E05B7}.Debug|Any CPU.Build.0 = Debug|Any CPU
		{CC1C90CA-4405-46C8-BD95-7452408E05B7}.Release|Any CPU.ActiveCfg = Release|Any CPU
		{CC1C90CA-4405-46C8-BD95-7452408E05B7}.Release|Any CPU.Build.0 = Release|Any CPU
		{678A2AF3-9D8E-4992-A1B8-8D72E95217EE}.Debug|Any CPU.ActiveCfg = Debug|Any CPU
		{678A2AF3-9D8E-4992-A1B8-8D72E95217EE}.Debug|Any CPU.Build.0 = Debug|Any CPU
		{678A2AF3-9D8E-4992-A1B8-8D72E95217EE}.Release|Any CPU.ActiveCfg = Release|Any CPU
		{678A2AF3-9D8E-4992-A1B8-8D72E95217EE}.Release|Any CPU.Build.0 = Release|Any CPU
	EndGlobalSection
	GlobalSection(SolutionProperties) = preSolution
		HideSolutionNode = FALSE
	EndGlobalSection
	GlobalSection(ExtensibilityGlobals) = postSolution
		SolutionGuid = {03EC19CD-EA29-44D9-9527-60ADCA887B06}
	EndGlobalSection
EndGlobal
